// !$*UTF8*$!
{
	archiveVersion = 1;
	classes = {
	};
	objectVersion = 50;
	objects = {

/* Begin PBXBuildFile section */
		DD528B99207BA17500BA945D /* b64.swift in Sources */ = {isa = PBXBuildFile; fileRef = DD528B98207BA17500BA945D /* b64.swift */; };
		DDF07847207AFC7800B9EBF6 /* AppDelegate.swift in Sources */ = {isa = PBXBuildFile; fileRef = DDF07846207AFC7800B9EBF6 /* AppDelegate.swift */; };
		DDF07849207AFC7800B9EBF6 /* dropController.swift in Sources */ = {isa = PBXBuildFile; fileRef = DDF07848207AFC7800B9EBF6 /* dropController.swift */; };
		DDF0784B207AFC7900B9EBF6 /* Assets.xcassets in Resources */ = {isa = PBXBuildFile; fileRef = DDF0784A207AFC7900B9EBF6 /* Assets.xcassets */; };
		DDF0784E207AFC7900B9EBF6 /* Main.storyboard in Resources */ = {isa = PBXBuildFile; fileRef = DDF0784C207AFC7900B9EBF6 /* Main.storyboard */; };
		DDF07857207AFED800B9EBF6 /* NSColor.swift in Sources */ = {isa = PBXBuildFile; fileRef = DDF07856207AFED800B9EBF6 /* NSColor.swift */; };
		DDF07859207B021C00B9EBF6 /* drop.swift in Sources */ = {isa = PBXBuildFile; fileRef = DDF07858207B021C00B9EBF6 /* drop.swift */; };
		DDF0785F207B0ED500B9EBF6 /* textController.swift in Sources */ = {isa = PBXBuildFile; fileRef = DDF0785E207B0ED500B9EBF6 /* textController.swift */; };
		DDF07867207B51B800B9EBF6 /* TabView controller.swift in Sources */ = {isa = PBXBuildFile; fileRef = DDF07866207B51B800B9EBF6 /* TabView controller.swift */; };
		DDF07869207B612D00B9EBF6 /* TouchBar Controller.swift in Sources */ = {isa = PBXBuildFile; fileRef = DDF07868207B612D00B9EBF6 /* TouchBar Controller.swift */; };
		DDF0786C207B74C000B9EBF6 /* md5.swift in Sources */ = {isa = PBXBuildFile; fileRef = DDF0786B207B74C000B9EBF6 /* md5.swift */; };
		DDF0786E207B7D0000B9EBF6 /* ciphers.swift in Sources */ = {isa = PBXBuildFile; fileRef = DDF0786D207B7D0000B9EBF6 /* ciphers.swift */; };
		DDF07870207B8AFA00B9EBF6 /* sha256.swift in Sources */ = {isa = PBXBuildFile; fileRef = DDF0786F207B8AFA00B9EBF6 /* sha256.swift */; };
/* End PBXBuildFile section */

/* Begin PBXFileReference section */
		DD528B98207BA17500BA945D /* b64.swift */ = {isa = PBXFileReference; lastKnownFileType = sourcecode.swift; path = b64.swift; sourceTree = "<group>"; };
		DDF07843207AFC7800B9EBF6 /* CrypTools.app */ = {isa = PBXFileReference; explicitFileType = wrapper.application; includeInIndex = 0; path = CrypTools.app; sourceTree = BUILT_PRODUCTS_DIR; };
		DDF07846207AFC7800B9EBF6 /* AppDelegate.swift */ = {isa = PBXFileReference; lastKnownFileType = sourcecode.swift; path = AppDelegate.swift; sourceTree = "<group>"; };
		DDF07848207AFC7800B9EBF6 /* dropController.swift */ = {isa = PBXFileReference; lastKnownFileType = sourcecode.swift; path = dropController.swift; sourceTree = "<group>"; };
		DDF0784A207AFC7900B9EBF6 /* Assets.xcassets */ = {isa = PBXFileReference; lastKnownFileType = folder.assetcatalog; path = Assets.xcassets; sourceTree = "<group>"; };
		DDF0784D207AFC7900B9EBF6 /* Base */ = {isa = PBXFileReference; lastKnownFileType = file.storyboard; name = Base; path = Base.lproj/Main.storyboard; sourceTree = "<group>"; };
		DDF0784F207AFC7900B9EBF6 /* Info.plist */ = {isa = PBXFileReference; lastKnownFileType = text.plist.xml; path = Info.plist; sourceTree = "<group>"; };
		DDF07850207AFC7900B9EBF6 /* CrypTools.entitlements */ = {isa = PBXFileReference; lastKnownFileType = text.plist.entitlements; path = CrypTools.entitlements; sourceTree = "<group>"; };
		DDF07856207AFED800B9EBF6 /* NSColor.swift */ = {isa = PBXFileReference; lastKnownFileType = sourcecode.swift; path = NSColor.swift; sourceTree = "<group>"; };
		DDF07858207B021C00B9EBF6 /* drop.swift */ = {isa = PBXFileReference; lastKnownFileType = sourcecode.swift; path = drop.swift; sourceTree = "<group>"; };
		DDF0785E207B0ED500B9EBF6 /* textController.swift */ = {isa = PBXFileReference; lastKnownFileType = sourcecode.swift; path = textController.swift; sourceTree = "<group>"; };
		DDF07866207B51B800B9EBF6 /* TabView controller.swift */ = {isa = PBXFileReference; lastKnownFileType = sourcecode.swift; path = "TabView controller.swift"; sourceTree = "<group>"; };
		DDF07868207B612D00B9EBF6 /* TouchBar Controller.swift */ = {isa = PBXFileReference; lastKnownFileType = sourcecode.swift; path = "TouchBar Controller.swift"; sourceTree = "<group>"; };
		DDF0786B207B74C000B9EBF6 /* md5.swift */ = {isa = PBXFileReference; lastKnownFileType = sourcecode.swift; path = md5.swift; sourceTree = "<group>"; };
		DDF0786D207B7D0000B9EBF6 /* ciphers.swift */ = {isa = PBXFileReference; lastKnownFileType = sourcecode.swift; path = ciphers.swift; sourceTree = "<group>"; };
		DDF0786F207B8AFA00B9EBF6 /* sha256.swift */ = {isa = PBXFileReference; lastKnownFileType = sourcecode.swift; path = sha256.swift; sourceTree = "<group>"; };
/* End PBXFileReference section */

/* Begin PBXFrameworksBuildPhase section */
		DDF07840207AFC7800B9EBF6 /* Frameworks */ = {
			isa = PBXFrameworksBuildPhase;
			buildActionMask = 2147483647;
			files = (
			);
			runOnlyForDeploymentPostprocessing = 0;
		};
/* End PBXFrameworksBuildPhase section */

/* Begin PBXGroup section */
		DDF0783A207AFC7800B9EBF6 = {
			isa = PBXGroup;
			children = (
				DDF07845207AFC7800B9EBF6 /* CrypTools */,
				DDF07844207AFC7800B9EBF6 /* Products */,
			);
			sourceTree = "<group>";
		};
		DDF07844207AFC7800B9EBF6 /* Products */ = {
			isa = PBXGroup;
			children = (
				DDF07843207AFC7800B9EBF6 /* CrypTools.app */,
			);
			name = Products;
			sourceTree = "<group>";
		};
		DDF07845207AFC7800B9EBF6 /* CrypTools */ = {
			isa = PBXGroup;
			children = (
				DDF0786A207B6BB200B9EBF6 /* Ciphers */,
				DDF07862207B4D1500B9EBF6 /* Classes */,
				DDF07846207AFC7800B9EBF6 /* AppDelegate.swift */,
				DDF07848207AFC7800B9EBF6 /* dropController.swift */,
				DDF0784A207AFC7900B9EBF6 /* Assets.xcassets */,
				DDF0784C207AFC7900B9EBF6 /* Main.storyboard */,
				DDF0784F207AFC7900B9EBF6 /* Info.plist */,
				DDF07850207AFC7900B9EBF6 /* CrypTools.entitlements */,
				DDF0785E207B0ED500B9EBF6 /* textController.swift */,
				DDF07866207B51B800B9EBF6 /* TabView controller.swift */,
				DDF07868207B612D00B9EBF6 /* TouchBar Controller.swift */,
			);
			path = CrypTools;
			sourceTree = "<group>";
		};
		DDF07862207B4D1500B9EBF6 /* Classes */ = {
			isa = PBXGroup;
			children = (
				DDF07864207B4D2E00B9EBF6 /* Cocoa */,
				DDF07863207B4D2200B9EBF6 /* Extensions */,
				DDF0786D207B7D0000B9EBF6 /* ciphers.swift */,
			);
			path = Classes;
			sourceTree = "<group>";
		};
		DDF07863207B4D2200B9EBF6 /* Extensions */ = {
			isa = PBXGroup;
			children = (
				DDF07856207AFED800B9EBF6 /* NSColor.swift */,
			);
			path = Extensions;
			sourceTree = "<group>";
		};
		DDF07864207B4D2E00B9EBF6 /* Cocoa */ = {
			isa = PBXGroup;
			children = (
				DDF07858207B021C00B9EBF6 /* drop.swift */,
			);
			path = Cocoa;
			sourceTree = "<group>";
		};
		DDF0786A207B6BB200B9EBF6 /* Ciphers */ = {
			isa = PBXGroup;
			children = (
				DDF0786B207B74C000B9EBF6 /* md5.swift */,
				DDF0786F207B8AFA00B9EBF6 /* sha256.swift */,
				DD528B98207BA17500BA945D /* b64.swift */,
			);
			path = Ciphers;
			sourceTree = "<group>";
		};
/* End PBXGroup section */

/* Begin PBXNativeTarget section */
		DDF07842207AFC7800B9EBF6 /* CrypTools */ = {
			isa = PBXNativeTarget;
			buildConfigurationList = DDF07853207AFC7900B9EBF6 /* Build configuration list for PBXNativeTarget "CrypTools" */;
			buildPhases = (
				DDF0783F207AFC7800B9EBF6 /* Sources */,
				DDF07840207AFC7800B9EBF6 /* Frameworks */,
				DDF07841207AFC7800B9EBF6 /* Resources */,
			);
			buildRules = (
			);
			dependencies = (
			);
			name = CrypTools;
			productName = CrypTools;
			productReference = DDF07843207AFC7800B9EBF6 /* CrypTools.app */;
			productType = "com.apple.product-type.application";
		};
/* End PBXNativeTarget section */

/* Begin PBXProject section */
		DDF0783B207AFC7800B9EBF6 /* Project object */ = {
			isa = PBXProject;
			attributes = {
				LastSwiftUpdateCheck = 0930;
				LastUpgradeCheck = 0930;
				ORGANIZATIONNAME = "Arthur Guiot";
				TargetAttributes = {
					DDF07842207AFC7800B9EBF6 = {
						CreatedOnToolsVersion = 9.3;
					};
				};
			};
			buildConfigurationList = DDF0783E207AFC7800B9EBF6 /* Build configuration list for PBXProject "CrypTools" */;
			compatibilityVersion = "Xcode 9.3";
			developmentRegion = en;
			hasScannedForEncodings = 0;
			knownRegions = (
				en,
				Base,
			);
			mainGroup = DDF0783A207AFC7800B9EBF6;
			productRefGroup = DDF07844207AFC7800B9EBF6 /* Products */;
			projectDirPath = "";
			projectRoot = "";
			targets = (
				DDF07842207AFC7800B9EBF6 /* CrypTools */,
			);
		};
/* End PBXProject section */

/* Begin PBXResourcesBuildPhase section */
		DDF07841207AFC7800B9EBF6 /* Resources */ = {
			isa = PBXResourcesBuildPhase;
			buildActionMask = 2147483647;
			files = (
				DDF0784B207AFC7900B9EBF6 /* Assets.xcassets in Resources */,
				DDF0784E207AFC7900B9EBF6 /* Main.storyboard in Resources */,
			);
			runOnlyForDeploymentPostprocessing = 0;
		};
/* End PBXResourcesBuildPhase section */

/* Begin PBXSourcesBuildPhase section */
		DDF0783F207AFC7800B9EBF6 /* Sources */ = {
			isa = PBXSourcesBuildPhase;
			buildActionMask = 2147483647;
			files = (
				DD528B99207BA17500BA945D /* b64.swift in Sources */,
				DDF07869207B612D00B9EBF6 /* TouchBar Controller.swift in Sources */,
				DDF07849207AFC7800B9EBF6 /* dropController.swift in Sources */,
				DDF0786C207B74C000B9EBF6 /* md5.swift in Sources */,
				DDF07857207AFED800B9EBF6 /* NSColor.swift in Sources */,
				DDF0785F207B0ED500B9EBF6 /* textController.swift in Sources */,
				DDF07847207AFC7800B9EBF6 /* AppDelegate.swift in Sources */,
				DDF07859207B021C00B9EBF6 /* drop.swift in Sources */,
				DDF0786E207B7D0000B9EBF6 /* ciphers.swift in Sources */,
				DDF07870207B8AFA00B9EBF6 /* sha256.swift in Sources */,
				DDF07867207B51B800B9EBF6 /* TabView controller.swift in Sources */,
			);
			runOnlyForDeploymentPostprocessing = 0;
		};
/* End PBXSourcesBuildPhase section */

/* Begin PBXVariantGroup section */
		DDF0784C207AFC7900B9EBF6 /* Main.storyboard */ = {
			isa = PBXVariantGroup;
			children = (
				DDF0784D207AFC7900B9EBF6 /* Base */,
			);
			name = Main.storyboard;
			sourceTree = "<group>";
		};
/* End PBXVariantGroup section */

/* Begin XCBuildConfiguration section */
		DDF07851207AFC7900B9EBF6 /* Debug */ = {
			isa = XCBuildConfiguration;
			buildSettings = {
				ALWAYS_SEARCH_USER_PATHS = NO;
				CLANG_ANALYZER_NONNULL = YES;
				CLANG_ANALYZER_NUMBER_OBJECT_CONVERSION = YES_AGGRESSIVE;
				CLANG_CXX_LANGUAGE_STANDARD = "gnu++14";
				CLANG_CXX_LIBRARY = "libc++";
				CLANG_ENABLE_MODULES = YES;
				CLANG_ENABLE_OBJC_ARC = YES;
				CLANG_ENABLE_OBJC_WEAK = YES;
				CLANG_WARN_BLOCK_CAPTURE_AUTORELEASING = YES;
				CLANG_WARN_BOOL_CONVERSION = YES;
				CLANG_WARN_COMMA = YES;
				CLANG_WARN_CONSTANT_CONVERSION = YES;
				CLANG_WARN_DEPRECATED_OBJC_IMPLEMENTATIONS = YES;
				CLANG_WARN_DIRECT_OBJC_ISA_USAGE = YES_ERROR;
				CLANG_WARN_DOCUMENTATION_COMMENTS = YES;
				CLANG_WARN_EMPTY_BODY = YES;
				CLANG_WARN_ENUM_CONVERSION = YES;
				CLANG_WARN_INFINITE_RECURSION = YES;
				CLANG_WARN_INT_CONVERSION = YES;
				CLANG_WARN_NON_LITERAL_NULL_CONVERSION = YES;
				CLANG_WARN_OBJC_IMPLICIT_RETAIN_SELF = YES;
				CLANG_WARN_OBJC_LITERAL_CONVERSION = YES;
				CLANG_WARN_OBJC_ROOT_CLASS = YES_ERROR;
				CLANG_WARN_RANGE_LOOP_ANALYSIS = YES;
				CLANG_WARN_STRICT_PROTOTYPES = YES;
				CLANG_WARN_SUSPICIOUS_MOVE = YES;
				CLANG_WARN_UNGUARDED_AVAILABILITY = YES_AGGRESSIVE;
				CLANG_WARN_UNREACHABLE_CODE = YES;
				CLANG_WARN__DUPLICATE_METHOD_MATCH = YES;
				CODE_SIGN_IDENTITY = "Mac Developer";
				COPY_PHASE_STRIP = NO;
				DEBUG_INFORMATION_FORMAT = dwarf;
				ENABLE_STRICT_OBJC_MSGSEND = YES;
				ENABLE_TESTABILITY = YES;
				GCC_C_LANGUAGE_STANDARD = gnu11;
				GCC_DYNAMIC_NO_PIC = NO;
				GCC_NO_COMMON_BLOCKS = YES;
				GCC_OPTIMIZATION_LEVEL = 0;
				GCC_PREPROCESSOR_DEFINITIONS = (
					"DEBUG=1",
					"$(inherited)",
				);
				GCC_WARN_64_TO_32_BIT_CONVERSION = YES;
				GCC_WARN_ABOUT_RETURN_TYPE = YES_ERROR;
				GCC_WARN_UNDECLARED_SELECTOR = YES;
				GCC_WARN_UNINITIALIZED_AUTOS = YES_AGGRESSIVE;
				GCC_WARN_UNUSED_FUNCTION = YES;
				GCC_WARN_UNUSED_VARIABLE = YES;
				MACOSX_DEPLOYMENT_TARGET = 10.13;
				MTL_ENABLE_DEBUG_INFO = YES;
				ONLY_ACTIVE_ARCH = YES;
				SDKROOT = macosx;
				SWIFT_ACTIVE_COMPILATION_CONDITIONS = DEBUG;
				SWIFT_OPTIMIZATION_LEVEL = "-Onone";
			};
			name = Debug;
		};
		DDF07852207AFC7900B9EBF6 /* Release */ = {
			isa = XCBuildConfiguration;
			buildSettings = {
				ALWAYS_SEARCH_USER_PATHS = NO;
				CLANG_ANALYZER_NONNULL = YES;
				CLANG_ANALYZER_NUMBER_OBJECT_CONVERSION = YES_AGGRESSIVE;
				CLANG_CXX_LANGUAGE_STANDARD = "gnu++14";
				CLANG_CXX_LIBRARY = "libc++";
				CLANG_ENABLE_MODULES = YES;
				CLANG_ENABLE_OBJC_ARC = YES;
				CLANG_ENABLE_OBJC_WEAK = YES;
				CLANG_WARN_BLOCK_CAPTURE_AUTORELEASING = YES;
				CLANG_WARN_BOOL_CONVERSION = YES;
				CLANG_WARN_COMMA = YES;
				CLANG_WARN_CONSTANT_CONVERSION = YES;
				CLANG_WARN_DEPRECATED_OBJC_IMPLEMENTATIONS = YES;
				CLANG_WARN_DIRECT_OBJC_ISA_USAGE = YES_ERROR;
				CLANG_WARN_DOCUMENTATION_COMMENTS = YES;
				CLANG_WARN_EMPTY_BODY = YES;
				CLANG_WARN_ENUM_CONVERSION = YES;
				CLANG_WARN_INFINITE_RECURSION = YES;
				CLANG_WARN_INT_CONVERSION = YES;
				CLANG_WARN_NON_LITERAL_NULL_CONVERSION = YES;
				CLANG_WARN_OBJC_IMPLICIT_RETAIN_SELF = YES;
				CLANG_WARN_OBJC_LITERAL_CONVERSION = YES;
				CLANG_WARN_OBJC_ROOT_CLASS = YES_ERROR;
				CLANG_WARN_RANGE_LOOP_ANALYSIS = YES;
				CLANG_WARN_STRICT_PROTOTYPES = YES;
				CLANG_WARN_SUSPICIOUS_MOVE = YES;
				CLANG_WARN_UNGUARDED_AVAILABILITY = YES_AGGRESSIVE;
				CLANG_WARN_UNREACHABLE_CODE = YES;
				CLANG_WARN__DUPLICATE_METHOD_MATCH = YES;
				CODE_SIGN_IDENTITY = "Mac Developer";
				COPY_PHASE_STRIP = NO;
				DEBUG_INFORMATION_FORMAT = "dwarf-with-dsym";
				ENABLE_NS_ASSERTIONS = NO;
				ENABLE_STRICT_OBJC_MSGSEND = YES;
				GCC_C_LANGUAGE_STANDARD = gnu11;
				GCC_NO_COMMON_BLOCKS = YES;
				GCC_WARN_64_TO_32_BIT_CONVERSION = YES;
				GCC_WARN_ABOUT_RETURN_TYPE = YES_ERROR;
				GCC_WARN_UNDECLARED_SELECTOR = YES;
				GCC_WARN_UNINITIALIZED_AUTOS = YES_AGGRESSIVE;
				GCC_WARN_UNUSED_FUNCTION = YES;
				GCC_WARN_UNUSED_VARIABLE = YES;
				MACOSX_DEPLOYMENT_TARGET = 10.13;
				MTL_ENABLE_DEBUG_INFO = NO;
				SDKROOT = macosx;
				SWIFT_COMPILATION_MODE = wholemodule;
				SWIFT_OPTIMIZATION_LEVEL = "-O";
			};
			name = Release;
		};
		DDF07854207AFC7900B9EBF6 /* Debug */ = {
			isa = XCBuildConfiguration;
			buildSettings = {
				ASSETCATALOG_COMPILER_APPICON_NAME = AppIcon;
				CODE_SIGN_STYLE = Automatic;
				COMBINE_HIDPI_IMAGES = YES;
				DEVELOPMENT_TEAM = TT6KKS6MS8;
				INFOPLIST_FILE = CrypTools/Info.plist;
				LD_RUNPATH_SEARCH_PATHS = (
					"$(inherited)",
					"@executable_path/../Frameworks",
				);
				MACOSX_DEPLOYMENT_TARGET = 10.13;
				PRODUCT_BUNDLE_IDENTIFIER = com.arguiot.CrypTools;
				PRODUCT_NAME = "$(TARGET_NAME)";
				SWIFT_VERSION = 4.0;
			};
			name = Debug;
		};
		DDF07855207AFC7900B9EBF6 /* Release */ = {
			isa = XCBuildConfiguration;
			buildSettings = {
				ASSETCATALOG_COMPILER_APPICON_NAME = AppIcon;
				CODE_SIGN_STYLE = Automatic;
				COMBINE_HIDPI_IMAGES = YES;
				DEVELOPMENT_TEAM = TT6KKS6MS8;
				INFOPLIST_FILE = CrypTools/Info.plist;
				LD_RUNPATH_SEARCH_PATHS = (
					"$(inherited)",
					"@executable_path/../Frameworks",
				);
				MACOSX_DEPLOYMENT_TARGET = 10.13;
				PRODUCT_BUNDLE_IDENTIFIER = com.arguiot.CrypTools;
				PRODUCT_NAME = "$(TARGET_NAME)";
				SWIFT_VERSION = 4.0;
			};
			name = Release;
		};
/* End XCBuildConfiguration section */

/* Begin XCConfigurationList section */
		DDF0783E207AFC7800B9EBF6 /* Build configuration list for PBXProject "CrypTools" */ = {
			isa = XCConfigurationList;
			buildConfigurations = (
				DDF07851207AFC7900B9EBF6 /* Debug */,
				DDF07852207AFC7900B9EBF6 /* Release */,
			);
			defaultConfigurationIsVisible = 0;
			defaultConfigurationName = Release;
		};
		DDF07853207AFC7900B9EBF6 /* Build configuration list for PBXNativeTarget "CrypTools" */ = {
			isa = XCConfigurationList;
			buildConfigurations = (
				DDF07854207AFC7900B9EBF6 /* Debug */,
				DDF07855207AFC7900B9EBF6 /* Release */,
			);
			defaultConfigurationIsVisible = 0;
			defaultConfigurationName = Release;
		};
/* End XCConfigurationList section */
	};
	rootObject = DDF0783B207AFC7800B9EBF6 /* Project object */;
}
